
Microsoft Visual Studio Solution File, Format Version 12.00
# Visual Studio Version 17
VisualStudioVersion = 17.14.36327.8
MinimumVisualStudioVersion = 10.0.40219.1
Project("{2150E333-8FDC-42A3-9474-1A3956D46DE8}") = "src", "src", "{02EA681E-C7D8-13C7-8484-4AC65E1B71E8}"
EndProject
Project("{2150E333-8FDC-42A3-9474-1A3956D46DE8}") = "Services", "Services", "{8DE9BF40-8CB5-47B7-8C1E-1A12C521CCDB}"
EndProject
Project("{2150E333-8FDC-42A3-9474-1A3956D46DE8}") = "BuildingBlocks", "BuildingBlocks", "{5D182881-E91F-4744-B647-0BF8A06A3CD5}"
EndProject
Project("{FAE04EC0-301F-11D3-BF4B-00C04F79EFBC}") = "BuildingBlocks", "src\BuildingBlocks\BuildingBlocks\BuildingBlocks.csproj", "{AC87FB96-1D09-44D0-ADA9-5A6B0640844A}"
EndProject
Project("{2150E333-8FDC-42A3-9474-1A3956D46DE8}") = "Users", "Users", "{BCFF3781-FED8-403E-986A-9B7CE383AAB1}"
EndProject
Project("{FAE04EC0-301F-11D3-BF4B-00C04F79EFBC}") = "Users.API", "src\Services\Users\Users.API\Users.API.csproj", "{11DFAFAB-1E3B-494A-82CC-0A5C36E66FA5}"
EndProject
Project("{FAE04EC0-301F-11D3-BF4B-00C04F79EFBC}") = "BuildingBlocks.Messaging", "src\BuildingBlocks\BuildingBlocks.Messaging\BuildingBlocks.Messaging.csproj", "{F794A7C7-CB82-47E2-A9DC-91111AE53F13}"
EndProject
Project("{2150E333-8FDC-42A3-9474-1A3956D46DE8}") = "Notifications", "Notifications", "{D5C9A40C-10BF-4166-ADE0-C1547D5EEDDB}"
EndProject
Project("{FAE04EC0-301F-11D3-BF4B-00C04F79EFBC}") = "Notification.API", "src\Services\Notifications\Notification.API\Notification.API.csproj", "{79BC3CA8-06E7-4117-A191-A5860242CDCC}"
EndProject
Project("{E53339B2-1760-4266-BCC7-CA923CBCF16C}") = "docker-compose", "docker-compose.dcproj", "{81DDED9D-158B-E303-5F62-77A2896D2A5A}"
EndProject
Project("{2150E333-8FDC-42A3-9474-1A3956D46DE8}") = "Course", "Course", "{665D3E30-E931-45F5-899C-201AED201100}"
EndProject
Project("{FAE04EC0-301F-11D3-BF4B-00C04F79EFBC}") = "Course.API", "src\Services\Course\Course.API\Course.API.csproj", "{867B6CFE-A509-4F17-A7DC-7E3CAF12FDDE}"
EndProject
Project("{FAE04EC0-301F-11D3-BF4B-00C04F79EFBC}") = "Course.Domain", "src\Services\Course\Course.Domain\Course.Domain.csproj", "{021F6424-3D8E-4B20-B80C-CC51DBD60EF2}"
EndProject
Project("{FAE04EC0-301F-11D3-BF4B-00C04F79EFBC}") = "Course.Infrastructure", "src\Services\Course\Course.Infrastructure\Course.Infrastructure.csproj", "{63D726C2-C38D-4B31-AFF1-515ABEE6E537}"
EndProject
Project("{FAE04EC0-301F-11D3-BF4B-00C04F79EFBC}") = "Course.Application", "src\Services\Course\Course.Application\Course.Application.csproj", "{49EAB207-00DE-4F98-B618-2D011936254A}"
EndProject
Project("{2150E333-8FDC-42A3-9474-1A3956D46DE8}") = "Orders", "Orders", "{3ADEABF2-8193-40C2-8E3C-010E292CFE1F}"
EndProject
Project("{FAE04EC0-301F-11D3-BF4B-00C04F79EFBC}") = "Order.API", "src\Services\Orders\Order.API\Order.API.csproj", "{B1D0AB9C-1668-4A1C-8D0B-05F1598D578E}"
EndProject
Global
	GlobalSection(SolutionConfigurationPlatforms) = preSolution
		Debug|Any CPU = Debug|Any CPU
		Release|Any CPU = Release|Any CPU
	EndGlobalSection
	GlobalSection(ProjectConfigurationPlatforms) = postSolution
		{AC87FB96-1D09-44D0-ADA9-5A6B0640844A}.Debug|Any CPU.ActiveCfg = Debug|Any CPU
		{AC87FB96-1D09-44D0-ADA9-5A6B0640844A}.Debug|Any CPU.Build.0 = Debug|Any CPU
		{AC87FB96-1D09-44D0-ADA9-5A6B0640844A}.Release|Any CPU.ActiveCfg = Release|Any CPU
		{AC87FB96-1D09-44D0-ADA9-5A6B0640844A}.Release|Any CPU.Build.0 = Release|Any CPU
		{11DFAFAB-1E3B-494A-82CC-0A5C36E66FA5}.Debug|Any CPU.ActiveCfg = Debug|Any CPU
		{11DFAFAB-1E3B-494A-82CC-0A5C36E66FA5}.Debug|Any CPU.Build.0 = Debug|Any CPU
		{11DFAFAB-1E3B-494A-82CC-0A5C36E66FA5}.Release|Any CPU.ActiveCfg = Release|Any CPU
		{11DFAFAB-1E3B-494A-82CC-0A5C36E66FA5}.Release|Any CPU.Build.0 = Release|Any CPU
		{F794A7C7-CB82-47E2-A9DC-91111AE53F13}.Debug|Any CPU.ActiveCfg = Debug|Any CPU
		{F794A7C7-CB82-47E2-A9DC-91111AE53F13}.Debug|Any CPU.Build.0 = Debug|Any CPU
		{F794A7C7-CB82-47E2-A9DC-91111AE53F13}.Release|Any CPU.ActiveCfg = Release|Any CPU
		{F794A7C7-CB82-47E2-A9DC-91111AE53F13}.Release|Any CPU.Build.0 = Release|Any CPU
		{79BC3CA8-06E7-4117-A191-A5860242CDCC}.Debug|Any CPU.ActiveCfg = Debug|Any CPU
		{79BC3CA8-06E7-4117-A191-A5860242CDCC}.Debug|Any CPU.Build.0 = Debug|Any CPU
		{79BC3CA8-06E7-4117-A191-A5860242CDCC}.Release|Any CPU.ActiveCfg = Release|Any CPU
		{79BC3CA8-06E7-4117-A191-A5860242CDCC}.Release|Any CPU.Build.0 = Release|Any CPU
		{81DDED9D-158B-E303-5F62-77A2896D2A5A}.Debug|Any CPU.ActiveCfg = Debug|Any CPU
		{81DDED9D-158B-E303-5F62-77A2896D2A5A}.Debug|Any CPU.Build.0 = Debug|Any CPU
		{81DDED9D-158B-E303-5F62-77A2896D2A5A}.Release|Any CPU.ActiveCfg = Release|Any CPU
		{81DDED9D-158B-E303-5F62-77A2896D2A5A}.Release|Any CPU.Build.0 = Release|Any CPU
		{867B6CFE-A509-4F17-A7DC-7E3CAF12FDDE}.Debug|Any CPU.ActiveCfg = Debug|Any CPU
		{867B6CFE-A509-4F17-A7DC-7E3CAF12FDDE}.Debug|Any CPU.Build.0 = Debug|Any CPU
		{867B6CFE-A509-4F17-A7DC-7E3CAF12FDDE}.Release|Any CPU.ActiveCfg = Release|Any CPU
		{867B6CFE-A509-4F17-A7DC-7E3CAF12FDDE}.Release|Any CPU.Build.0 = Release|Any CPU
		{021F6424-3D8E-4B20-B80C-CC51DBD60EF2}.Debug|Any CPU.ActiveCfg = Debug|Any CPU
		{021F6424-3D8E-4B20-B80C-CC51DBD60EF2}.Debug|Any CPU.Build.0 = Debug|Any CPU
		{021F6424-3D8E-4B20-B80C-CC51DBD60EF2}.Release|Any CPU.ActiveCfg = Release|Any CPU
		{021F6424-3D8E-4B20-B80C-CC51DBD60EF2}.Release|Any CPU.Build.0 = Release|Any CPU
		{63D726C2-C38D-4B31-AFF1-515ABEE6E537}.Debug|Any CPU.ActiveCfg = Debug|Any CPU
		{63D726C2-C38D-4B31-AFF1-515ABEE6E537}.Debug|Any CPU.Build.0 = Debug|Any CPU
		{63D726C2-C38D-4B31-AFF1-515ABEE6E537}.Release|Any CPU.ActiveCfg = Release|Any CPU
		{63D726C2-C38D-4B31-AFF1-515ABEE6E537}.Release|Any CPU.Build.0 = Release|Any CPU
		{49EAB207-00DE-4F98-B618-2D011936254A}.Debug|Any CPU.ActiveCfg = Debug|Any CPU
		{49EAB207-00DE-4F98-B618-2D011936254A}.Debug|Any CPU.Build.0 = Debug|Any CPU
		{49EAB207-00DE-4F98-B618-2D011936254A}.Release|Any CPU.ActiveCfg = Release|Any CPU
		{49EAB207-00DE-4F98-B618-2D011936254A}.Release|Any CPU.Build.0 = Release|Any CPU
		{B1D0AB9C-1668-4A1C-8D0B-05F1598D578E}.Debug|Any CPU.ActiveCfg = Debug|Any CPU
		{B1D0AB9C-1668-4A1C-8D0B-05F1598D578E}.Debug|Any CPU.Build.0 = Debug|Any CPU
		{B1D0AB9C-1668-4A1C-8D0B-05F1598D578E}.Release|Any CPU.ActiveCfg = Release|Any CPU
		{B1D0AB9C-1668-4A1C-8D0B-05F1598D578E}.Release|Any CPU.Build.0 = Release|Any CPU
	EndGlobalSection
	GlobalSection(SolutionProperties) = preSolution
		HideSolutionNode = FALSE
	EndGlobalSection
	GlobalSection(NestedProjects) = preSolution
		{8DE9BF40-8CB5-47B7-8C1E-1A12C521CCDB} = {02EA681E-C7D8-13C7-8484-4AC65E1B71E8}
		{5D182881-E91F-4744-B647-0BF8A06A3CD5} = {02EA681E-C7D8-13C7-8484-4AC65E1B71E8}
		{AC87FB96-1D09-44D0-ADA9-5A6B0640844A} = {5D182881-E91F-4744-B647-0BF8A06A3CD5}
		{BCFF3781-FED8-403E-986A-9B7CE383AAB1} = {8DE9BF40-8CB5-47B7-8C1E-1A12C521CCDB}
		{11DFAFAB-1E3B-494A-82CC-0A5C36E66FA5} = {BCFF3781-FED8-403E-986A-9B7CE383AAB1}
		{F794A7C7-CB82-47E2-A9DC-91111AE53F13} = {5D182881-E91F-4744-B647-0BF8A06A3CD5}
		{D5C9A40C-10BF-4166-ADE0-C1547D5EEDDB} = {8DE9BF40-8CB5-47B7-8C1E-1A12C521CCDB}
		{79BC3CA8-06E7-4117-A191-A5860242CDCC} = {D5C9A40C-10BF-4166-ADE0-C1547D5EEDDB}
		{665D3E30-E931-45F5-899C-201AED201100} = {8DE9BF40-8CB5-47B7-8C1E-1A12C521CCDB}
		{867B6CFE-A509-4F17-A7DC-7E3CAF12FDDE} = {665D3E30-E931-45F5-899C-201AED201100}
		{021F6424-3D8E-4B20-B80C-CC51DBD60EF2} = {665D3E30-E931-45F5-899C-201AED201100}
		{63D726C2-C38D-4B31-AFF1-515ABEE6E537} = {665D3E30-E931-45F5-899C-201AED201100}
		{49EAB207-00DE-4F98-B618-2D011936254A} = {665D3E30-E931-45F5-899C-201AED201100}
		{3ADEABF2-8193-40C2-8E3C-010E292CFE1F} = {8DE9BF40-8CB5-47B7-8C1E-1A12C521CCDB}
		{B1D0AB9C-1668-4A1C-8D0B-05F1598D578E} = {3ADEABF2-8193-40C2-8E3C-010E292CFE1F}
	EndGlobalSection
	GlobalSection(ExtensibilityGlobals) = postSolution
		SolutionGuid = {18DEA8CE-C3C3-48B4-A631-ABB59DF55D1E}
	EndGlobalSection
EndGlobal
